Microsoft Visual Studio Solution File, Format Version 12.00
# Visual Studio Version 17
VisualStudioVersion = 17.13.35818.85 d17.13
MinimumVisualStudioVersion = 10.0.40219.1
Project("{FAE04EC0-301F-11D3-BF4B-00C04F79EFBC}") = "Skittles.AppHost", "Skittles.AppHost\Skittles.AppHost.csproj", "{A93243F8-7906-4F3E-8736-104A9C393CF9}"
EndProject
Project("{FAE04EC0-301F-11D3-BF4B-00C04F79EFBC}") = "Skittles.ServiceDefaults", "Skittles.ServiceDefaults\Skittles.ServiceDefaults.csproj", "{2A02C1F5-C9F5-4B1C-4A14-851E20FAAF09}"
EndProject
Project("{FAE04EC0-301F-11D3-BF4B-00C04F79EFBC}") = "Skittles.ApiService", "Skittles.ApiService\Skittles.ApiService.csproj", "{291832EB-F981-2675-08F1-51D9E0BA60CE}"
EndProject
Project("{FAE04EC0-301F-11D3-BF4B-00C04F79EFBC}") = "Skittles.Web", "Skittles.Web\Skittles.Web.csproj", "{7C5BE990-EF9B-10B8-D4AE-94B51E56B77A}"
EndProject
Project("{FAE04EC0-301F-11D3-BF4B-00C04F79EFBC}") = "Skittles.Tests", "Skittles.Tests\Skittles.Tests.csproj", "{25FEB2A9-7B72-E31C-2545-55C3FBA87EC9}"
EndProject
Global
	GlobalSection(SolutionConfigurationPlatforms) = preSolution
		Debug|Any CPU = Debug|Any CPU
		Release|Any CPU = Release|Any CPU
	EndGlobalSection
	GlobalSection(ProjectConfigurationPlatforms) = postSolution
		{A93243F8-7906-4F3E-8736-104A9C393CF9}.Debug|Any CPU.ActiveCfg = Debug|Any CPU
		{A93243F8-7906-4F3E-8736-104A9C393CF9}.Debug|Any CPU.Build.0 = Debug|Any CPU
		{A93243F8-7906-4F3E-8736-104A9C393CF9}.Release|Any CPU.ActiveCfg = Release|Any CPU
		{A93243F8-7906-4F3E-8736-104A9C393CF9}.Release|Any CPU.Build.0 = Release|Any CPU
		{2A02C1F5-C9F5-4B1C-4A14-851E20FAAF09}.Debug|Any CPU.ActiveCfg = Debug|Any CPU
		{2A02C1F5-C9F5-4B1C-4A14-851E20FAAF09}.Debug|Any CPU.Build.0 = Debug|Any CPU
		{2A02C1F5-C9F5-4B1C-4A14-851E20FAAF09}.Release|Any CPU.ActiveCfg = Release|Any CPU
		{2A02C1F5-C9F5-4B1C-4A14-851E20FAAF09}.Release|Any CPU.Build.0 = Release|Any CPU
		{291832EB-F981-2675-08F1-51D9E0BA60CE}.Debug|Any CPU.ActiveCfg = Debug|Any CPU
		{291832EB-F981-2675-08F1-51D9E0BA60CE}.Debug|Any CPU.Build.0 = Debug|Any CPU
		{291832EB-F981-2675-08F1-51D9E0BA60CE}.Release|Any CPU.ActiveCfg = Release|Any CPU
		{291832EB-F981-2675-08F1-51D9E0BA60CE}.Release|Any CPU.Build.0 = Release|Any CPU
		{7C5BE990-EF9B-10B8-D4AE-94B51E56B77A}.Debug|Any CPU.ActiveCfg = Debug|Any CPU
		{7C5BE990-EF9B-10B8-D4AE-94B51E56B77A}.Debug|Any CPU.Build.0 = Debug|Any CPU
		{7C5BE990-EF9B-10B8-D4AE-94B51E56B77A}.Release|Any CPU.ActiveCfg = Release|Any CPU
		{7C5BE990-EF9B-10B8-D4AE-94B51E56B77A}.Release|Any CPU.Build.0 = Release|Any CPU
		{25FEB2A9-7B72-E31C-2545-55C3FBA87EC9}.Debug|Any CPU.ActiveCfg = Debug|Any CPU
		{25FEB2A9-7B72-E31C-2545-55C3FBA87EC9}.Debug|Any CPU.Build.0 = Debug|Any CPU
		{25FEB2A9-7B72-E31C-2545-55C3FBA87EC9}.Release|Any CPU.ActiveCfg = Release|Any CPU
		{25FEB2A9-7B72-E31C-2545-55C3FBA87EC9}.Release|Any CPU.Build.0 = Release|Any CPU
	EndGlobalSection
	GlobalSection(SolutionProperties) = preSolution
		HideSolutionNode = FALSE
	EndGlobalSection
	GlobalSection(ExtensibilityGlobals) = postSolution
		SolutionGuid = {2172C529-4BBA-497F-9E92-BD7AAD6D8BBC}
	EndGlobalSection
EndGlobal
