Microsoft Visual Studio Solution File, Format Version 12.00
# Visual Studio Version 17
VisualStudioVersion = 17.13.35818.85
MinimumVisualStudioVersion = 10.0.40219.1
Project("{2150E333-8FDC-42A3-9474-1A3956D46DE8}") = "Aspire", "Aspire", "{02EA681E-C7D8-13C7-8484-4AC65E1B71E8}"
EndProject
Project("{2150E333-8FDC-42A3-9474-1A3956D46DE8}") = "Blazor", "Blazor", "{58303F25-47EB-422A-98E4-8AFDA0F3DBB0}"
EndProject
Project("{2150E333-8FDC-42A3-9474-1A3956D46DE8}") = "Solution Items", "Solution Items", "{0BE4E29D-DE0D-4FE7-8728-7578E3120001}"
	ProjectSection(SolutionItems) = preProject
		README.md = README.md
	EndProjectSection
EndProject
Project("{2150E333-8FDC-42A3-9474-1A3956D46DE8}") = "WebApi", "WebApi", "{367CFCF6-E76E-4BC6-BCA9-6859D003A530}"
EndProject
Project("{2150E333-8FDC-42A3-9474-1A3956D46DE8}") = "Tests", "Tests", "{39F137A4-BFF0-482E-A4C9-AD30ED9048E0}"
EndProject
Project("{FAE04EC0-301F-11D3-BF4B-00C04F79EFBC}") = "Skittles.AppHost", "src\aspire\Skittles.AppHost\Skittles.AppHost.csproj", "{F82F48CD-0A03-D389-A53E-CFDB019D4988}"
EndProject
Project("{FAE04EC0-301F-11D3-BF4B-00C04F79EFBC}") = "Skittles.ServiceDefaults", "src\aspire\Skittles.ServiceDefaults\Skittles.ServiceDefaults.csproj", "{33BE509B-121A-E332-AD9A-01B9E9A5AAC8}"
EndProject
Project("{FAE04EC0-301F-11D3-BF4B-00C04F79EFBC}") = "Skittles.Web", "src\apps\blazor\Skittles.Web\Skittles.Web.csproj", "{3C238536-A852-FC73-8884-BF8F8D4F9262}"
EndProject
Project("{FAE04EC0-301F-11D3-BF4B-00C04F79EFBC}") = "Skittles.Tests", "tests\Skittles.Tests\Skittles.Tests.csproj", "{C974F037-E3ED-0526-0B8D-1FF983FFF359}"
EndProject
Project("{FAE04EC0-301F-11D3-BF4B-00C04F79EFBC}") = "Skittles.ApiService", "src\api\Skittles.ApiService\Skittles.ApiService.csproj", "{E320A74F-AAD8-BB15-21C0-C31678AAF107}"
EndProject
Global
	GlobalSection(SolutionConfigurationPlatforms) = preSolution
		Debug|Any CPU = Debug|Any CPU
		Release|Any CPU = Release|Any CPU
	EndGlobalSection
	GlobalSection(ProjectConfigurationPlatforms) = postSolution
		{F82F48CD-0A03-D389-A53E-CFDB019D4988}.Debug|Any CPU.ActiveCfg = Debug|Any CPU
		{F82F48CD-0A03-D389-A53E-CFDB019D4988}.Debug|Any CPU.Build.0 = Debug|Any CPU
		{F82F48CD-0A03-D389-A53E-CFDB019D4988}.Release|Any CPU.ActiveCfg = Release|Any CPU
		{F82F48CD-0A03-D389-A53E-CFDB019D4988}.Release|Any CPU.Build.0 = Release|Any CPU
		{33BE509B-121A-E332-AD9A-01B9E9A5AAC8}.Debug|Any CPU.ActiveCfg = Debug|Any CPU
		{33BE509B-121A-E332-AD9A-01B9E9A5AAC8}.Debug|Any CPU.Build.0 = Debug|Any CPU
		{33BE509B-121A-E332-AD9A-01B9E9A5AAC8}.Release|Any CPU.ActiveCfg = Release|Any CPU
		{33BE509B-121A-E332-AD9A-01B9E9A5AAC8}.Release|Any CPU.Build.0 = Release|Any CPU
		{3C238536-A852-FC73-8884-BF8F8D4F9262}.Debug|Any CPU.ActiveCfg = Debug|Any CPU
		{3C238536-A852-FC73-8884-BF8F8D4F9262}.Debug|Any CPU.Build.0 = Debug|Any CPU
		{3C238536-A852-FC73-8884-BF8F8D4F9262}.Release|Any CPU.ActiveCfg = Release|Any CPU
		{3C238536-A852-FC73-8884-BF8F8D4F9262}.Release|Any CPU.Build.0 = Release|Any CPU
		{C974F037-E3ED-0526-0B8D-1FF983FFF359}.Debug|Any CPU.ActiveCfg = Debug|Any CPU
		{C974F037-E3ED-0526-0B8D-1FF983FFF359}.Debug|Any CPU.Build.0 = Debug|Any CPU
		{C974F037-E3ED-0526-0B8D-1FF983FFF359}.Release|Any CPU.ActiveCfg = Release|Any CPU
		{C974F037-E3ED-0526-0B8D-1FF983FFF359}.Release|Any CPU.Build.0 = Release|Any CPU
		{E320A74F-AAD8-BB15-21C0-C31678AAF107}.Debug|Any CPU.ActiveCfg = Debug|Any CPU
		{E320A74F-AAD8-BB15-21C0-C31678AAF107}.Debug|Any CPU.Build.0 = Debug|Any CPU
		{E320A74F-AAD8-BB15-21C0-C31678AAF107}.Release|Any CPU.ActiveCfg = Release|Any CPU
		{E320A74F-AAD8-BB15-21C0-C31678AAF107}.Release|Any CPU.Build.0 = Release|Any CPU
	EndGlobalSection
	GlobalSection(SolutionProperties) = preSolution
		HideSolutionNode = FALSE
	EndGlobalSection
	GlobalSection(NestedProjects) = preSolution
		{F82F48CD-0A03-D389-A53E-CFDB019D4988} = {02EA681E-C7D8-13C7-8484-4AC65E1B71E8}
		{33BE509B-121A-E332-AD9A-01B9E9A5AAC8} = {02EA681E-C7D8-13C7-8484-4AC65E1B71E8}
		{3C238536-A852-FC73-8884-BF8F8D4F9262} = {58303F25-47EB-422A-98E4-8AFDA0F3DBB0}
		{C974F037-E3ED-0526-0B8D-1FF983FFF359} = {39F137A4-BFF0-482E-A4C9-AD30ED9048E0}
		{E320A74F-AAD8-BB15-21C0-C31678AAF107} = {367CFCF6-E76E-4BC6-BCA9-6859D003A530}
	EndGlobalSection
	GlobalSection(ExtensibilityGlobals) = postSolution
		SolutionGuid = {2172C529-4BBA-497F-9E92-BD7AAD6D8BBC}
	EndGlobalSection
EndGlobal
