Microsoft Visual Studio Solution File, Format Version 12.00
# Visual Studio Version 17
VisualStudioVersion = 17.13.35818.85
MinimumVisualStudioVersion = 10.0.40219.1
Project("{2150E333-8FDC-42A3-9474-1A3956D46DE8}") = "Aspire", "Aspire", "{02EA681E-C7D8-13C7-8484-4AC65E1B71E8}"
EndProject
Project("{2150E333-8FDC-42A3-9474-1A3956D46DE8}") = "Blazor", "Blazor", "{58303F25-47EB-422A-98E4-8AFDA0F3DBB0}"
EndProject
Project("{2150E333-8FDC-42A3-9474-1A3956D46DE8}") = "Solution Items", "Solution Items", "{0BE4E29D-DE0D-4FE7-8728-7578E3120001}"
	ProjectSection(SolutionItems) = preProject
		.editorconfig = .editorconfig
		README.md = README.md
	EndProjectSection
EndProject
Project("{2150E333-8FDC-42A3-9474-1A3956D46DE8}") = "WebApi", "WebApi", "{367CFCF6-E76E-4BC6-BCA9-6859D003A530}"
EndProject
Project("{2150E333-8FDC-42A3-9474-1A3956D46DE8}") = "Tests", "Tests", "{39F137A4-BFF0-482E-A4C9-AD30ED9048E0}"
EndProject
Project("{FAE04EC0-301F-11D3-BF4B-00C04F79EFBC}") = "Host", "src\aspire\Host\Host.csproj", "{07686990-96DF-4402-6599-D9EAE1D9EF7A}"
EndProject
Project("{FAE04EC0-301F-11D3-BF4B-00C04F79EFBC}") = "ServiceDefaults", "src\aspire\ServiceDefaults\ServiceDefaults.csproj", "{36131A1F-5B79-D844-1F38-FE0C9600D072}"
EndProject
Project("{FAE04EC0-301F-11D3-BF4B-00C04F79EFBC}") = "Client", "src\apps\blazor\Client\Client.csproj", "{3280BA23-2FAA-67E1-DE74-596BAADA64A3}"
EndProject
Project("{FAE04EC0-301F-11D3-BF4B-00C04F79EFBC}") = "Infrastructure", "src\apps\blazor\Infrastructure\Infrastructure.csproj", "{C27B9442-9BAD-4A73-8FEB-518D3257D34A}"
EndProject
Project("{FAE04EC0-301F-11D3-BF4B-00C04F79EFBC}") = "Shared", "src\apps\blazor\Shared\Shared.csproj", "{648C4B6E-B0A6-48ED-B0C8-9CFFED964082}"
EndProject
Project("{2150E333-8FDC-42A3-9474-1A3956D46DE8}") = "Framework", "Framework", "{7FB974E4-1AC0-4CA5-85AE-889CF66A52E0}"
EndProject
Project("{FAE04EC0-301F-11D3-BF4B-00C04F79EFBC}") = "Infrastructure", "src\api\Framework\Infrastructure\Infrastructure.csproj", "{C383D913-A574-4174-AE29-C86AE42F1626}"
EndProject
Project("{FAE04EC0-301F-11D3-BF4B-00C04F79EFBC}") = "Host.Tests", "tests\Host.Tests\Host.Tests.csproj", "{19B11C6D-82CF-4C52-AC2A-7B1EB30F8D83}"
EndProject
Project("{FAE04EC0-301F-11D3-BF4B-00C04F79EFBC}") = "Server", "src\api\Server\Server.csproj", "{D4650FD1-A624-4595-2CA7-47AA48CB833D}"
EndProject
Project("{2150E333-8FDC-42A3-9474-1A3956D46DE8}") = "Modules", "Modules", "{3F83B579-F6B3-43DC-B642-69C0E48E4A52}"
EndProject
Project("{FAE04EC0-301F-11D3-BF4B-00C04F79EFBC}") = "Core", "src\api\Framework\Core\Core.csproj", "{4A056EE5-22C4-495E-9D2E-3928A6AC3FF9}"
EndProject
Project("{FAE04EC0-301F-11D3-BF4B-00C04F79EFBC}") = "Infrastructure", "src\api\Modules\Infrastructure\Infrastructure.csproj", "{41FD3B44-2530-431F-B82E-81E7C978FD7E}"
EndProject
Project("{FAE04EC0-301F-11D3-BF4B-00C04F79EFBC}") = "Domain", "src\api\Modules\Domain\Domain.csproj", "{5BBB0BBD-32E9-474B-ABC0-0D8AFC55C6E9}"
EndProject
Project("{FAE04EC0-301F-11D3-BF4B-00C04F79EFBC}") = "Application", "src\api\Modules\Application\Application.csproj", "{00AADFF7-317A-4C55-8AA5-74E508B7F7B5}"
EndProject
Project("{FAE04EC0-301F-11D3-BF4B-00C04F79EFBC}") = "Migrations", "src\api\Migrations\Migrations.csproj", "{4D7DA041-D5EE-42D3-A729-FAF0F587558E}"
EndProject
Global
	GlobalSection(SolutionConfigurationPlatforms) = preSolution
		Debug|Any CPU = Debug|Any CPU
		Release|Any CPU = Release|Any CPU
	EndGlobalSection
	GlobalSection(ProjectConfigurationPlatforms) = postSolution
		{07686990-96DF-4402-6599-D9EAE1D9EF7A}.Debug|Any CPU.ActiveCfg = Debug|Any CPU
		{07686990-96DF-4402-6599-D9EAE1D9EF7A}.Debug|Any CPU.Build.0 = Debug|Any CPU
		{07686990-96DF-4402-6599-D9EAE1D9EF7A}.Release|Any CPU.ActiveCfg = Release|Any CPU
		{07686990-96DF-4402-6599-D9EAE1D9EF7A}.Release|Any CPU.Build.0 = Release|Any CPU
		{36131A1F-5B79-D844-1F38-FE0C9600D072}.Debug|Any CPU.ActiveCfg = Debug|Any CPU
		{36131A1F-5B79-D844-1F38-FE0C9600D072}.Debug|Any CPU.Build.0 = Debug|Any CPU
		{36131A1F-5B79-D844-1F38-FE0C9600D072}.Release|Any CPU.ActiveCfg = Release|Any CPU
		{36131A1F-5B79-D844-1F38-FE0C9600D072}.Release|Any CPU.Build.0 = Release|Any CPU
		{3280BA23-2FAA-67E1-DE74-596BAADA64A3}.Debug|Any CPU.ActiveCfg = Debug|Any CPU
		{3280BA23-2FAA-67E1-DE74-596BAADA64A3}.Debug|Any CPU.Build.0 = Debug|Any CPU
		{3280BA23-2FAA-67E1-DE74-596BAADA64A3}.Release|Any CPU.ActiveCfg = Release|Any CPU
		{3280BA23-2FAA-67E1-DE74-596BAADA64A3}.Release|Any CPU.Build.0 = Release|Any CPU
		{C27B9442-9BAD-4A73-8FEB-518D3257D34A}.Debug|Any CPU.ActiveCfg = Debug|Any CPU
		{C27B9442-9BAD-4A73-8FEB-518D3257D34A}.Debug|Any CPU.Build.0 = Debug|Any CPU
		{C27B9442-9BAD-4A73-8FEB-518D3257D34A}.Release|Any CPU.ActiveCfg = Release|Any CPU
		{C27B9442-9BAD-4A73-8FEB-518D3257D34A}.Release|Any CPU.Build.0 = Release|Any CPU
		{648C4B6E-B0A6-48ED-B0C8-9CFFED964082}.Debug|Any CPU.ActiveCfg = Debug|Any CPU
		{648C4B6E-B0A6-48ED-B0C8-9CFFED964082}.Debug|Any CPU.Build.0 = Debug|Any CPU
		{648C4B6E-B0A6-48ED-B0C8-9CFFED964082}.Release|Any CPU.ActiveCfg = Release|Any CPU
		{648C4B6E-B0A6-48ED-B0C8-9CFFED964082}.Release|Any CPU.Build.0 = Release|Any CPU
		{C383D913-A574-4174-AE29-C86AE42F1626}.Debug|Any CPU.ActiveCfg = Debug|Any CPU
		{C383D913-A574-4174-AE29-C86AE42F1626}.Debug|Any CPU.Build.0 = Debug|Any CPU
		{C383D913-A574-4174-AE29-C86AE42F1626}.Release|Any CPU.ActiveCfg = Release|Any CPU
		{C383D913-A574-4174-AE29-C86AE42F1626}.Release|Any CPU.Build.0 = Release|Any CPU
		{19B11C6D-82CF-4C52-AC2A-7B1EB30F8D83}.Debug|Any CPU.ActiveCfg = Debug|Any CPU
		{19B11C6D-82CF-4C52-AC2A-7B1EB30F8D83}.Debug|Any CPU.Build.0 = Debug|Any CPU
		{19B11C6D-82CF-4C52-AC2A-7B1EB30F8D83}.Release|Any CPU.ActiveCfg = Release|Any CPU
		{19B11C6D-82CF-4C52-AC2A-7B1EB30F8D83}.Release|Any CPU.Build.0 = Release|Any CPU
		{D4650FD1-A624-4595-2CA7-47AA48CB833D}.Debug|Any CPU.ActiveCfg = Debug|Any CPU
		{D4650FD1-A624-4595-2CA7-47AA48CB833D}.Debug|Any CPU.Build.0 = Debug|Any CPU
		{D4650FD1-A624-4595-2CA7-47AA48CB833D}.Release|Any CPU.ActiveCfg = Release|Any CPU
		{D4650FD1-A624-4595-2CA7-47AA48CB833D}.Release|Any CPU.Build.0 = Release|Any CPU
		{4A056EE5-22C4-495E-9D2E-3928A6AC3FF9}.Debug|Any CPU.ActiveCfg = Debug|Any CPU
		{4A056EE5-22C4-495E-9D2E-3928A6AC3FF9}.Debug|Any CPU.Build.0 = Debug|Any CPU
		{4A056EE5-22C4-495E-9D2E-3928A6AC3FF9}.Release|Any CPU.ActiveCfg = Release|Any CPU
		{4A056EE5-22C4-495E-9D2E-3928A6AC3FF9}.Release|Any CPU.Build.0 = Release|Any CPU
		{41FD3B44-2530-431F-B82E-81E7C978FD7E}.Debug|Any CPU.ActiveCfg = Debug|Any CPU
		{41FD3B44-2530-431F-B82E-81E7C978FD7E}.Debug|Any CPU.Build.0 = Debug|Any CPU
		{41FD3B44-2530-431F-B82E-81E7C978FD7E}.Release|Any CPU.ActiveCfg = Release|Any CPU
		{41FD3B44-2530-431F-B82E-81E7C978FD7E}.Release|Any CPU.Build.0 = Release|Any CPU
		{5BBB0BBD-32E9-474B-ABC0-0D8AFC55C6E9}.Debug|Any CPU.ActiveCfg = Debug|Any CPU
		{5BBB0BBD-32E9-474B-ABC0-0D8AFC55C6E9}.Debug|Any CPU.Build.0 = Debug|Any CPU
		{5BBB0BBD-32E9-474B-ABC0-0D8AFC55C6E9}.Release|Any CPU.ActiveCfg = Release|Any CPU
		{5BBB0BBD-32E9-474B-ABC0-0D8AFC55C6E9}.Release|Any CPU.Build.0 = Release|Any CPU
		{00AADFF7-317A-4C55-8AA5-74E508B7F7B5}.Debug|Any CPU.ActiveCfg = Debug|Any CPU
		{00AADFF7-317A-4C55-8AA5-74E508B7F7B5}.Debug|Any CPU.Build.0 = Debug|Any CPU
		{00AADFF7-317A-4C55-8AA5-74E508B7F7B5}.Release|Any CPU.ActiveCfg = Release|Any CPU
		{00AADFF7-317A-4C55-8AA5-74E508B7F7B5}.Release|Any CPU.Build.0 = Release|Any CPU
		{4D7DA041-D5EE-42D3-A729-FAF0F587558E}.Debug|Any CPU.ActiveCfg = Debug|Any CPU
		{4D7DA041-D5EE-42D3-A729-FAF0F587558E}.Debug|Any CPU.Build.0 = Debug|Any CPU
		{4D7DA041-D5EE-42D3-A729-FAF0F587558E}.Release|Any CPU.ActiveCfg = Release|Any CPU
		{4D7DA041-D5EE-42D3-A729-FAF0F587558E}.Release|Any CPU.Build.0 = Release|Any CPU
	EndGlobalSection
	GlobalSection(SolutionProperties) = preSolution
		HideSolutionNode = FALSE
	EndGlobalSection
	GlobalSection(NestedProjects) = preSolution
		{07686990-96DF-4402-6599-D9EAE1D9EF7A} = {02EA681E-C7D8-13C7-8484-4AC65E1B71E8}
		{36131A1F-5B79-D844-1F38-FE0C9600D072} = {02EA681E-C7D8-13C7-8484-4AC65E1B71E8}
		{3280BA23-2FAA-67E1-DE74-596BAADA64A3} = {58303F25-47EB-422A-98E4-8AFDA0F3DBB0}
		{C27B9442-9BAD-4A73-8FEB-518D3257D34A} = {58303F25-47EB-422A-98E4-8AFDA0F3DBB0}
		{648C4B6E-B0A6-48ED-B0C8-9CFFED964082} = {58303F25-47EB-422A-98E4-8AFDA0F3DBB0}
		{7FB974E4-1AC0-4CA5-85AE-889CF66A52E0} = {367CFCF6-E76E-4BC6-BCA9-6859D003A530}
		{C383D913-A574-4174-AE29-C86AE42F1626} = {7FB974E4-1AC0-4CA5-85AE-889CF66A52E0}
		{19B11C6D-82CF-4C52-AC2A-7B1EB30F8D83} = {39F137A4-BFF0-482E-A4C9-AD30ED9048E0}
		{D4650FD1-A624-4595-2CA7-47AA48CB833D} = {367CFCF6-E76E-4BC6-BCA9-6859D003A530}
		{3F83B579-F6B3-43DC-B642-69C0E48E4A52} = {367CFCF6-E76E-4BC6-BCA9-6859D003A530}
		{4A056EE5-22C4-495E-9D2E-3928A6AC3FF9} = {7FB974E4-1AC0-4CA5-85AE-889CF66A52E0}
		{41FD3B44-2530-431F-B82E-81E7C978FD7E} = {3F83B579-F6B3-43DC-B642-69C0E48E4A52}
		{5BBB0BBD-32E9-474B-ABC0-0D8AFC55C6E9} = {3F83B579-F6B3-43DC-B642-69C0E48E4A52}
		{00AADFF7-317A-4C55-8AA5-74E508B7F7B5} = {3F83B579-F6B3-43DC-B642-69C0E48E4A52}
		{4D7DA041-D5EE-42D3-A729-FAF0F587558E} = {367CFCF6-E76E-4BC6-BCA9-6859D003A530}
	EndGlobalSection
	GlobalSection(ExtensibilityGlobals) = postSolution
		SolutionGuid = {2172C529-4BBA-497F-9E92-BD7AAD6D8BBC}
	EndGlobalSection
EndGlobal
